
Microsoft Visual Studio Solution File, Format Version 12.00
# Visual Studio Version 16
VisualStudioVersion = 16.0.32901.82
MinimumVisualStudioVersion = 10.0.40219.1
Project("{FAE04EC0-301F-11D3-BF4B-00C04F79EFBC}") = "UDFTPSTK4ConsoleApp", "UDFTPSTK4ConsoleApp\UDFTPSTK4ConsoleApp.csproj", "{B04423C1-FBF6-4A01-BA51-CE47DD47EC8A}"
EndProject
Project("{FAE04EC0-301F-11D3-BF4B-00C04F79EFBC}") = "batch_Tohs_SQL_cmdi", "batch_Tohs_SQL_cmdi\batch_Tohs_SQL_cmdi.csproj", "{BB9310BE-1AC7-475C-8380-E336CC799AF0}"
EndProject
Project("{FAE04EC0-301F-11D3-BF4B-00C04F79EFBC}") = "batch_TohsCopy", "batch_TohsCopy\batch_TohsCopy.csproj", "{A3383071-90E9-4DC1-A967-B2EE4E9C2600}"
EndProject
Project("{FAE04EC0-301F-11D3-BF4B-00C04F79EFBC}") = "batch_東軒檔案複製", "batch_東軒檔案複製\batch_東軒檔案複製.csproj", "{C9DFDAAC-4E28-4120-853C-3D66B19EE2CE}"
EndProject
Project("{9A19103F-16F7-4668-BE54-9A1E7A4F7556}") = "batch_急診傳送櫃醫令", "batch_急診傳送櫃醫令\batch_急診傳送櫃醫令.csproj", "{DB8E0403-E9E3-4AAC-B354-C1504EA1EDB8}"
EndProject
Project("{9A19103F-16F7-4668-BE54-9A1E7A4F7556}") = "DB2VM_API", "dbvm_api\DB2VM_API.csproj", "{F6798800-CF62-4E92-8393-8F6FBA00EEF3}"
EndProject
Global
	GlobalSection(SolutionConfigurationPlatforms) = preSolution
		Debug|Any CPU = Debug|Any CPU
		Release|Any CPU = Release|Any CPU
	EndGlobalSection
	GlobalSection(ProjectConfigurationPlatforms) = postSolution
		{B04423C1-FBF6-4A01-BA51-CE47DD47EC8A}.Debug|Any CPU.ActiveCfg = Debug|Any CPU
		{B04423C1-FBF6-4A01-BA51-CE47DD47EC8A}.Debug|Any CPU.Build.0 = Debug|Any CPU
		{B04423C1-FBF6-4A01-BA51-CE47DD47EC8A}.Release|Any CPU.ActiveCfg = Release|Any CPU
		{B04423C1-FBF6-4A01-BA51-CE47DD47EC8A}.Release|Any CPU.Build.0 = Release|Any CPU
		{BB9310BE-1AC7-475C-8380-E336CC799AF0}.Debug|Any CPU.ActiveCfg = Debug|Any CPU
		{BB9310BE-1AC7-475C-8380-E336CC799AF0}.Debug|Any CPU.Build.0 = Debug|Any CPU
		{BB9310BE-1AC7-475C-8380-E336CC799AF0}.Release|Any CPU.ActiveCfg = Release|Any CPU
		{BB9310BE-1AC7-475C-8380-E336CC799AF0}.Release|Any CPU.Build.0 = Release|Any CPU
		{A3383071-90E9-4DC1-A967-B2EE4E9C2600}.Debug|Any CPU.ActiveCfg = Debug|Any CPU
		{A3383071-90E9-4DC1-A967-B2EE4E9C2600}.Debug|Any CPU.Build.0 = Debug|Any CPU
		{A3383071-90E9-4DC1-A967-B2EE4E9C2600}.Release|Any CPU.ActiveCfg = Release|Any CPU
		{A3383071-90E9-4DC1-A967-B2EE4E9C2600}.Release|Any CPU.Build.0 = Release|Any CPU
		{C9DFDAAC-4E28-4120-853C-3D66B19EE2CE}.Debug|Any CPU.ActiveCfg = Debug|Any CPU
		{C9DFDAAC-4E28-4120-853C-3D66B19EE2CE}.Debug|Any CPU.Build.0 = Debug|Any CPU
		{C9DFDAAC-4E28-4120-853C-3D66B19EE2CE}.Release|Any CPU.ActiveCfg = Release|Any CPU
		{C9DFDAAC-4E28-4120-853C-3D66B19EE2CE}.Release|Any CPU.Build.0 = Release|Any CPU
		{DB8E0403-E9E3-4AAC-B354-C1504EA1EDB8}.Debug|Any CPU.ActiveCfg = Debug|Any CPU
		{DB8E0403-E9E3-4AAC-B354-C1504EA1EDB8}.Debug|Any CPU.Build.0 = Debug|Any CPU
		{DB8E0403-E9E3-4AAC-B354-C1504EA1EDB8}.Release|Any CPU.ActiveCfg = Release|Any CPU
		{DB8E0403-E9E3-4AAC-B354-C1504EA1EDB8}.Release|Any CPU.Build.0 = Release|Any CPU
		{F6798800-CF62-4E92-8393-8F6FBA00EEF3}.Debug|Any CPU.ActiveCfg = Debug|Any CPU
		{F6798800-CF62-4E92-8393-8F6FBA00EEF3}.Debug|Any CPU.Build.0 = Debug|Any CPU
		{F6798800-CF62-4E92-8393-8F6FBA00EEF3}.Release|Any CPU.ActiveCfg = Release|Any CPU
		{F6798800-CF62-4E92-8393-8F6FBA00EEF3}.Release|Any CPU.Build.0 = Release|Any CPU
	EndGlobalSection
	GlobalSection(SolutionProperties) = preSolution
		HideSolutionNode = FALSE
	EndGlobalSection
	GlobalSection(ExtensibilityGlobals) = postSolution
		SolutionGuid = {351CEE7A-09F7-4599-927A-6FF74D3A81A0}
	EndGlobalSection
EndGlobal
